
Microsoft Visual Studio Solution File, Format Version 12.00
# Visual Studio 15
VisualStudioVersion = 15.0.26228.9
MinimumVisualStudioVersion = 10.0.40219.1
Project("{FAE04EC0-301F-11D3-BF4B-00C04F79EFBC}") = "LogEntity", "LogEntity\LogEntity.csproj", "{C6DC4FE8-69E0-470D-A6BF-2BDEC597E86D}"
EndProject
Project("{FAE04EC0-301F-11D3-BF4B-00C04F79EFBC}") = "DataEngine", "DataEngine\DataEngine.csproj", "{04892565-C7DF-48C2-A0F1-DC35D3A1FEDB}"
EndProject
Global
	GlobalSection(SolutionConfigurationPlatforms) = preSolution
		Debug|Any CPU = Debug|Any CPU
		Release|Any CPU = Release|Any CPU
	EndGlobalSection
	GlobalSection(ProjectConfigurationPlatforms) = postSolution
		{C6DC4FE8-69E0-470D-A6BF-2BDEC597E86D}.Debug|Any CPU.ActiveCfg = Debug|Any CPU
		{C6DC4FE8-69E0-470D-A6BF-2BDEC597E86D}.Debug|Any CPU.Build.0 = Debug|Any CPU
		{C6DC4FE8-69E0-470D-A6BF-2BDEC597E86D}.Release|Any CPU.ActiveCfg = Release|Any CPU
		{C6DC4FE8-69E0-470D-A6BF-2BDEC597E86D}.Release|Any CPU.Build.0 = Release|Any CPU
		{04892565-C7DF-48C2-A0F1-DC35D3A1FEDB}.Debug|Any CPU.ActiveCfg = Debug|Any CPU
		{04892565-C7DF-48C2-A0F1-DC35D3A1FEDB}.Debug|Any CPU.Build.0 = Debug|Any CPU
		{04892565-C7DF-48C2-A0F1-DC35D3A1FEDB}.Release|Any CPU.ActiveCfg = Release|Any CPU
		{04892565-C7DF-48C2-A0F1-DC35D3A1FEDB}.Release|Any CPU.Build.0 = Release|Any CPU
	EndGlobalSection
	GlobalSection(SolutionProperties) = preSolution
		HideSolutionNode = FALSE
	EndGlobalSection
	GlobalSection(ExtensibilityGlobals) = postSolution
		SolutionGuid = {A72EF41D-6FEE-4A6B-927C-1D825B39E50E}
	EndGlobalSection
	GlobalSection(TeamFoundationVersionControl) = preSolution
		SccNumberOfProjects = 1
		SccEnterpriseProvider = {4CA58AB2-18FA-4F8D-95D4-32DDF27D184C}
		SccTeamFoundationServer = https://myfirstcouldproject.visualstudio.com/
		SccLocalPath0 = .
	EndGlobalSection
EndGlobal
